// !$*UTF8*$!
{
	archiveVersion = 1;
	classes = {
	};
	objectVersion = 56;
	objects = {

/* Begin PBXBuildFile section */
		26BB816A2BDD7C67005DEEC0 /* AppDelegate.swift in Sources */ = {isa = PBXBuildFile; fileRef = 26BB81692BDD7C67005DEEC0 /* AppDelegate.swift */; };
		26BB816C2BDD7C67005DEEC0 /* SceneDelegate.swift in Sources */ = {isa = PBXBuildFile; fileRef = 26BB816B2BDD7C67005DEEC0 /* SceneDelegate.swift */; };
		26BB81742BDD7C67005DEEC0 /* CoreDataExample.xcdatamodeld in Sources */ = {isa = PBXBuildFile; fileRef = 26BB81722BDD7C67005DEEC0 /* CoreDataExample.xcdatamodeld */; };
		26BB81762BDD7C68005DEEC0 /* Assets.xcassets in Resources */ = {isa = PBXBuildFile; fileRef = 26BB81752BDD7C68005DEEC0 /* Assets.xcassets */; };
		26BB81792BDD7C68005DEEC0 /* Base in Resources */ = {isa = PBXBuildFile; fileRef = 26BB81782BDD7C68005DEEC0 /* Base */; };
		26BB81842BDD7C68005DEEC0 /* CoreDataExampleTests.swift in Sources */ = {isa = PBXBuildFile; fileRef = 26BB81832BDD7C68005DEEC0 /* CoreDataExampleTests.swift */; };
		26BB818E2BDD7C68005DEEC0 /* CoreDataExampleUITests.swift in Sources */ = {isa = PBXBuildFile; fileRef = 26BB818D2BDD7C68005DEEC0 /* CoreDataExampleUITests.swift */; };
		26BB81902BDD7C68005DEEC0 /* CoreDataExampleUITestsLaunchTests.swift in Sources */ = {isa = PBXBuildFile; fileRef = 26BB818F2BDD7C68005DEEC0 /* CoreDataExampleUITestsLaunchTests.swift */; };
		26BB819D2BDD7FAA005DEEC0 /* RecipesResponse.swift in Sources */ = {isa = PBXBuildFile; fileRef = 26BB819C2BDD7FAA005DEEC0 /* RecipesResponse.swift */; };
		26BB81A12BDD83FE005DEEC0 /* RecipeListViewController.swift in Sources */ = {isa = PBXBuildFile; fileRef = 26BB819F2BDD83FE005DEEC0 /* RecipeListViewController.swift */; };
		26BB81A22BDD83FE005DEEC0 /* RecipeListViewController.xib in Resources */ = {isa = PBXBuildFile; fileRef = 26BB81A02BDD83FE005DEEC0 /* RecipeListViewController.xib */; };
		26BB81A52BDD9A87005DEEC0 /* RecipeNetworkService.swift in Sources */ = {isa = PBXBuildFile; fileRef = 26BB81A42BDD9A87005DEEC0 /* RecipeNetworkService.swift */; };
/* End PBXBuildFile section */

/* Begin PBXContainerItemProxy section */
		26BB81802BDD7C68005DEEC0 /* PBXContainerItemProxy */ = {
			isa = PBXContainerItemProxy;
			containerPortal = 26BB815E2BDD7C67005DEEC0 /* Project object */;
			proxyType = 1;
			remoteGlobalIDString = 26BB81652BDD7C67005DEEC0;
			remoteInfo = CoreDataExample;
		};
		26BB818A2BDD7C68005DEEC0 /* PBXContainerItemProxy */ = {
			isa = PBXContainerItemProxy;
			containerPortal = 26BB815E2BDD7C67005DEEC0 /* Project object */;
			proxyType = 1;
			remoteGlobalIDString = 26BB81652BDD7C67005DEEC0;
			remoteInfo = CoreDataExample;
		};
/* End PBXContainerItemProxy section */

/* Begin PBXFileReference section */
		26BB81662BDD7C67005DEEC0 /* CoreDataExample.app */ = {isa = PBXFileReference; explicitFileType = wrapper.application; includeInIndex = 0; path = CoreDataExample.app; sourceTree = BUILT_PRODUCTS_DIR; };
		26BB81692BDD7C67005DEEC0 /* AppDelegate.swift */ = {isa = PBXFileReference; lastKnownFileType = sourcecode.swift; path = AppDelegate.swift; sourceTree = "<group>"; };
		26BB816B2BDD7C67005DEEC0 /* SceneDelegate.swift */ = {isa = PBXFileReference; lastKnownFileType = sourcecode.swift; path = SceneDelegate.swift; sourceTree = "<group>"; };
		26BB81732BDD7C67005DEEC0 /* CoreDataExample.xcdatamodel */ = {isa = PBXFileReference; lastKnownFileType = wrapper.xcdatamodel; path = CoreDataExample.xcdatamodel; sourceTree = "<group>"; };
		26BB81752BDD7C68005DEEC0 /* Assets.xcassets */ = {isa = PBXFileReference; lastKnownFileType = folder.assetcatalog; path = Assets.xcassets; sourceTree = "<group>"; };
		26BB81782BDD7C68005DEEC0 /* Base */ = {isa = PBXFileReference; lastKnownFileType = file.storyboard; name = Base; path = Base.lproj/LaunchScreen.storyboard; sourceTree = "<group>"; };
		26BB817A2BDD7C68005DEEC0 /* Info.plist */ = {isa = PBXFileReference; lastKnownFileType = text.plist.xml; path = Info.plist; sourceTree = "<group>"; };
		26BB817F2BDD7C68005DEEC0 /* CoreDataExampleTests.xctest */ = {isa = PBXFileReference; explicitFileType = wrapper.cfbundle; includeInIndex = 0; path = CoreDataExampleTests.xctest; sourceTree = BUILT_PRODUCTS_DIR; };
		26BB81832BDD7C68005DEEC0 /* CoreDataExampleTests.swift */ = {isa = PBXFileReference; lastKnownFileType = sourcecode.swift; path = CoreDataExampleTests.swift; sourceTree = "<group>"; };
		26BB81892BDD7C68005DEEC0 /* CoreDataExampleUITests.xctest */ = {isa = PBXFileReference; explicitFileType = wrapper.cfbundle; includeInIndex = 0; path = CoreDataExampleUITests.xctest; sourceTree = BUILT_PRODUCTS_DIR; };
		26BB818D2BDD7C68005DEEC0 /* CoreDataExampleUITests.swift */ = {isa = PBXFileReference; lastKnownFileType = sourcecode.swift; path = CoreDataExampleUITests.swift; sourceTree = "<group>"; };
		26BB818F2BDD7C68005DEEC0 /* CoreDataExampleUITestsLaunchTests.swift */ = {isa = PBXFileReference; lastKnownFileType = sourcecode.swift; path = CoreDataExampleUITestsLaunchTests.swift; sourceTree = "<group>"; };
		26BB819C2BDD7FAA005DEEC0 /* RecipesResponse.swift */ = {isa = PBXFileReference; lastKnownFileType = sourcecode.swift; path = RecipesResponse.swift; sourceTree = "<group>"; };
		26BB819F2BDD83FE005DEEC0 /* RecipeListViewController.swift */ = {isa = PBXFileReference; lastKnownFileType = sourcecode.swift; path = RecipeListViewController.swift; sourceTree = "<group>"; };
		26BB81A02BDD83FE005DEEC0 /* RecipeListViewController.xib */ = {isa = PBXFileReference; lastKnownFileType = file.xib; path = RecipeListViewController.xib; sourceTree = "<group>"; };
		26BB81A42BDD9A87005DEEC0 /* RecipeNetworkService.swift */ = {isa = PBXFileReference; lastKnownFileType = sourcecode.swift; path = RecipeNetworkService.swift; sourceTree = "<group>"; };
/* End PBXFileReference section */

/* Begin PBXFrameworksBuildPhase section */
		26BB81632BDD7C67005DEEC0 /* Frameworks */ = {
			isa = PBXFrameworksBuildPhase;
			buildActionMask = 2147483647;
			files = (
			);
			runOnlyForDeploymentPostprocessing = 0;
		};
		26BB817C2BDD7C68005DEEC0 /* Frameworks */ = {
			isa = PBXFrameworksBuildPhase;
			buildActionMask = 2147483647;
			files = (
			);
			runOnlyForDeploymentPostprocessing = 0;
		};
		26BB81862BDD7C68005DEEC0 /* Frameworks */ = {
			isa = PBXFrameworksBuildPhase;
			buildActionMask = 2147483647;
			files = (
			);
			runOnlyForDeploymentPostprocessing = 0;
		};
/* End PBXFrameworksBuildPhase section */

/* Begin PBXGroup section */
		26BB815D2BDD7C67005DEEC0 = {
			isa = PBXGroup;
			children = (
				26BB81682BDD7C67005DEEC0 /* CoreDataExample */,
				26BB81822BDD7C68005DEEC0 /* CoreDataExampleTests */,
				26BB818C2BDD7C68005DEEC0 /* CoreDataExampleUITests */,
				26BB81672BDD7C67005DEEC0 /* Products */,
			);
			sourceTree = "<group>";
		};
		26BB81672BDD7C67005DEEC0 /* Products */ = {
			isa = PBXGroup;
			children = (
				26BB81662BDD7C67005DEEC0 /* CoreDataExample.app */,
				26BB817F2BDD7C68005DEEC0 /* CoreDataExampleTests.xctest */,
				26BB81892BDD7C68005DEEC0 /* CoreDataExampleUITests.xctest */,
			);
			name = Products;
			sourceTree = "<group>";
		};
		26BB81682BDD7C67005DEEC0 /* CoreDataExample */ = {
			isa = PBXGroup;
			children = (
				26BB81692BDD7C67005DEEC0 /* AppDelegate.swift */,
				26BB816B2BDD7C67005DEEC0 /* SceneDelegate.swift */,
				26BB81752BDD7C68005DEEC0 /* Assets.xcassets */,
				26BB81772BDD7C68005DEEC0 /* LaunchScreen.storyboard */,
				26BB817A2BDD7C68005DEEC0 /* Info.plist */,
				26BB81722BDD7C67005DEEC0 /* CoreDataExample.xcdatamodeld */,
				26BB819E2BDD83DF005DEEC0 /* Models */,
				26BB81A32BDD840A005DEEC0 /* ViewControllers */,
				26BB81A62BDD9A8F005DEEC0 /* Services */,
			);
			path = CoreDataExample;
			sourceTree = "<group>";
		};
		26BB81822BDD7C68005DEEC0 /* CoreDataExampleTests */ = {
			isa = PBXGroup;
			children = (
				26BB81832BDD7C68005DEEC0 /* CoreDataExampleTests.swift */,
			);
			path = CoreDataExampleTests;
			sourceTree = "<group>";
		};
		26BB818C2BDD7C68005DEEC0 /* CoreDataExampleUITests */ = {
			isa = PBXGroup;
			children = (
				26BB818D2BDD7C68005DEEC0 /* CoreDataExampleUITests.swift */,
				26BB818F2BDD7C68005DEEC0 /* CoreDataExampleUITestsLaunchTests.swift */,
			);
			path = CoreDataExampleUITests;
			sourceTree = "<group>";
		};
		26BB819E2BDD83DF005DEEC0 /* Models */ = {
			isa = PBXGroup;
			children = (
				26BB819C2BDD7FAA005DEEC0 /* RecipesResponse.swift */,
			);
			path = Models;
			sourceTree = "<group>";
		};
		26BB81A32BDD840A005DEEC0 /* ViewControllers */ = {
			isa = PBXGroup;
			children = (
				26BB819F2BDD83FE005DEEC0 /* RecipeListViewController.swift */,
				26BB81A02BDD83FE005DEEC0 /* RecipeListViewController.xib */,
			);
			path = ViewControllers;
			sourceTree = "<group>";
		};
		26BB81A62BDD9A8F005DEEC0 /* Services */ = {
			isa = PBXGroup;
			children = (
				26BB81A42BDD9A87005DEEC0 /* RecipeNetworkService.swift */,
			);
			path = Services;
			sourceTree = "<group>";
		};
/* End PBXGroup section */

/* Begin PBXNativeTarget section */
		26BB81652BDD7C67005DEEC0 /* CoreDataExample */ = {
			isa = PBXNativeTarget;
			buildConfigurationList = 26BB81932BDD7C68005DEEC0 /* Build configuration list for PBXNativeTarget "CoreDataExample" */;
			buildPhases = (
				26BB81622BDD7C67005DEEC0 /* Sources */,
				26BB81632BDD7C67005DEEC0 /* Frameworks */,
				26BB81642BDD7C67005DEEC0 /* Resources */,
			);
			buildRules = (
			);
			dependencies = (
			);
			name = CoreDataExample;
			productName = CoreDataExample;
			productReference = 26BB81662BDD7C67005DEEC0 /* CoreDataExample.app */;
			productType = "com.apple.product-type.application";
		};
		26BB817E2BDD7C68005DEEC0 /* CoreDataExampleTests */ = {
			isa = PBXNativeTarget;
			buildConfigurationList = 26BB81962BDD7C68005DEEC0 /* Build configuration list for PBXNativeTarget "CoreDataExampleTests" */;
			buildPhases = (
				26BB817B2BDD7C68005DEEC0 /* Sources */,
				26BB817C2BDD7C68005DEEC0 /* Frameworks */,
				26BB817D2BDD7C68005DEEC0 /* Resources */,
			);
			buildRules = (
			);
			dependencies = (
				26BB81812BDD7C68005DEEC0 /* PBXTargetDependency */,
			);
			name = CoreDataExampleTests;
			productName = CoreDataExampleTests;
			productReference = 26BB817F2BDD7C68005DEEC0 /* CoreDataExampleTests.xctest */;
			productType = "com.apple.product-type.bundle.unit-test";
		};
		26BB81882BDD7C68005DEEC0 /* CoreDataExampleUITests */ = {
			isa = PBXNativeTarget;
			buildConfigurationList = 26BB81992BDD7C68005DEEC0 /* Build configuration list for PBXNativeTarget "CoreDataExampleUITests" */;
			buildPhases = (
				26BB81852BDD7C68005DEEC0 /* Sources */,
				26BB81862BDD7C68005DEEC0 /* Frameworks */,
				26BB81872BDD7C68005DEEC0 /* Resources */,
			);
			buildRules = (
			);
			dependencies = (
				26BB818B2BDD7C68005DEEC0 /* PBXTargetDependency */,
			);
			name = CoreDataExampleUITests;
			productName = CoreDataExampleUITests;
			productReference = 26BB81892BDD7C68005DEEC0 /* CoreDataExampleUITests.xctest */;
			productType = "com.apple.product-type.bundle.ui-testing";
		};
/* End PBXNativeTarget section */

/* Begin PBXProject section */
		26BB815E2BDD7C67005DEEC0 /* Project object */ = {
			isa = PBXProject;
			attributes = {
				BuildIndependentTargetsInParallel = 1;
				LastSwiftUpdateCheck = 1530;
				LastUpgradeCheck = 1530;
				TargetAttributes = {
					26BB81652BDD7C67005DEEC0 = {
						CreatedOnToolsVersion = 15.3;
					};
					26BB817E2BDD7C68005DEEC0 = {
						CreatedOnToolsVersion = 15.3;
						TestTargetID = 26BB81652BDD7C67005DEEC0;
					};
					26BB81882BDD7C68005DEEC0 = {
						CreatedOnToolsVersion = 15.3;
						TestTargetID = 26BB81652BDD7C67005DEEC0;
					};
				};
			};
			buildConfigurationList = 26BB81612BDD7C67005DEEC0 /* Build configuration list for PBXProject "CoreDataExample" */;
			compatibilityVersion = "Xcode 14.0";
			developmentRegion = en;
			hasScannedForEncodings = 0;
			knownRegions = (
				en,
				Base,
			);
			mainGroup = 26BB815D2BDD7C67005DEEC0;
			productRefGroup = 26BB81672BDD7C67005DEEC0 /* Products */;
			projectDirPath = "";
			projectRoot = "";
			targets = (
				26BB81652BDD7C67005DEEC0 /* CoreDataExample */,
				26BB817E2BDD7C68005DEEC0 /* CoreDataExampleTests */,
				26BB81882BDD7C68005DEEC0 /* CoreDataExampleUITests */,
			);
		};
/* End PBXProject section */

/* Begin PBXResourcesBuildPhase section */
		26BB81642BDD7C67005DEEC0 /* Resources */ = {
			isa = PBXResourcesBuildPhase;
			buildActionMask = 2147483647;
			files = (
				26BB81762BDD7C68005DEEC0 /* Assets.xcassets in Resources */,
				26BB81792BDD7C68005DEEC0 /* Base in Resources */,
				26BB81A22BDD83FE005DEEC0 /* RecipeListViewController.xib in Resources */,
			);
			runOnlyForDeploymentPostprocessing = 0;
		};
		26BB817D2BDD7C68005DEEC0 /* Resources */ = {
			isa = PBXResourcesBuildPhase;
			buildActionMask = 2147483647;
			files = (
			);
			runOnlyForDeploymentPostprocessing = 0;
		};
		26BB81872BDD7C68005DEEC0 /* Resources */ = {
			isa = PBXResourcesBuildPhase;
			buildActionMask = 2147483647;
			files = (
			);
			runOnlyForDeploymentPostprocessing = 0;
		};
/* End PBXResourcesBuildPhase section */

/* Begin PBXSourcesBuildPhase section */
		26BB81622BDD7C67005DEEC0 /* Sources */ = {
			isa = PBXSourcesBuildPhase;
			buildActionMask = 2147483647;
			files = (
				26BB81A12BDD83FE005DEEC0 /* RecipeListViewController.swift in Sources */,
				26BB819D2BDD7FAA005DEEC0 /* RecipesResponse.swift in Sources */,
				26BB816A2BDD7C67005DEEC0 /* AppDelegate.swift in Sources */,
				26BB816C2BDD7C67005DEEC0 /* SceneDelegate.swift in Sources */,
				26BB81A52BDD9A87005DEEC0 /* RecipeNetworkService.swift in Sources */,
				26BB81742BDD7C67005DEEC0 /* CoreDataExample.xcdatamodeld in Sources */,
			);
			runOnlyForDeploymentPostprocessing = 0;
		};
		26BB817B2BDD7C68005DEEC0 /* Sources */ = {
			isa = PBXSourcesBuildPhase;
			buildActionMask = 2147483647;
			files = (
				26BB81842BDD7C68005DEEC0 /* CoreDataExampleTests.swift in Sources */,
			);
			runOnlyForDeploymentPostprocessing = 0;
		};
		26BB81852BDD7C68005DEEC0 /* Sources */ = {
			isa = PBXSourcesBuildPhase;
			buildActionMask = 2147483647;
			files = (
				26BB81902BDD7C68005DEEC0 /* CoreDataExampleUITestsLaunchTests.swift in Sources */,
				26BB818E2BDD7C68005DEEC0 /* CoreDataExampleUITests.swift in Sources */,
			);
			runOnlyForDeploymentPostprocessing = 0;
		};
/* End PBXSourcesBuildPhase section */

/* Begin PBXTargetDependency section */
		26BB81812BDD7C68005DEEC0 /* PBXTargetDependency */ = {
			isa = PBXTargetDependency;
			target = 26BB81652BDD7C67005DEEC0 /* CoreDataExample */;
			targetProxy = 26BB81802BDD7C68005DEEC0 /* PBXContainerItemProxy */;
		};
		26BB818B2BDD7C68005DEEC0 /* PBXTargetDependency */ = {
			isa = PBXTargetDependency;
			target = 26BB81652BDD7C67005DEEC0 /* CoreDataExample */;
			targetProxy = 26BB818A2BDD7C68005DEEC0 /* PBXContainerItemProxy */;
		};
/* End PBXTargetDependency section */

/* Begin PBXVariantGroup section */
		26BB81772BDD7C68005DEEC0 /* LaunchScreen.storyboard */ = {
			isa = PBXVariantGroup;
			children = (
				26BB81782BDD7C68005DEEC0 /* Base */,
			);
			name = LaunchScreen.storyboard;
			sourceTree = "<group>";
		};
/* End PBXVariantGroup section */

/* Begin XCBuildConfiguration section */
		26BB81912BDD7C68005DEEC0 /* Debug */ = {
			isa = XCBuildConfiguration;
			buildSettings = {
				ALWAYS_SEARCH_USER_PATHS = NO;
				ASSETCATALOG_COMPILER_GENERATE_SWIFT_ASSET_SYMBOL_EXTENSIONS = YES;
				CLANG_ANALYZER_NONNULL = YES;
				CLANG_ANALYZER_NUMBER_OBJECT_CONVERSION = YES_AGGRESSIVE;
				CLANG_CXX_LANGUAGE_STANDARD = "gnu++20";
				CLANG_ENABLE_MODULES = YES;
				CLANG_ENABLE_OBJC_ARC = YES;
				CLANG_ENABLE_OBJC_WEAK = YES;
				CLANG_WARN_BLOCK_CAPTURE_AUTORELEASING = YES;
				CLANG_WARN_BOOL_CONVERSION = YES;
				CLANG_WARN_COMMA = YES;
				CLANG_WARN_CONSTANT_CONVERSION = YES;
				CLANG_WARN_DEPRECATED_OBJC_IMPLEMENTATIONS = YES;
				CLANG_WARN_DIRECT_OBJC_ISA_USAGE = YES_ERROR;
				CLANG_WARN_DOCUMENTATION_COMMENTS = YES;
				CLANG_WARN_EMPTY_BODY = YES;
				CLANG_WARN_ENUM_CONVERSION = YES;
				CLANG_WARN_INFINITE_RECURSION = YES;
				CLANG_WARN_INT_CONVERSION = YES;
				CLANG_WARN_NON_LITERAL_NULL_CONVERSION = YES;
				CLANG_WARN_OBJC_IMPLICIT_RETAIN_SELF = YES;
				CLANG_WARN_OBJC_LITERAL_CONVERSION = YES;
				CLANG_WARN_OBJC_ROOT_CLASS = YES_ERROR;
				CLANG_WARN_QUOTED_INCLUDE_IN_FRAMEWORK_HEADER = YES;
				CLANG_WARN_RANGE_LOOP_ANALYSIS = YES;
				CLANG_WARN_STRICT_PROTOTYPES = YES;
				CLANG_WARN_SUSPICIOUS_MOVE = YES;
				CLANG_WARN_UNGUARDED_AVAILABILITY = YES_AGGRESSIVE;
				CLANG_WARN_UNREACHABLE_CODE = YES;
				CLANG_WARN__DUPLICATE_METHOD_MATCH = YES;
				COPY_PHASE_STRIP = NO;
				DEBUG_INFORMATION_FORMAT = dwarf;
				ENABLE_STRICT_OBJC_MSGSEND = YES;
				ENABLE_TESTABILITY = YES;
				ENABLE_USER_SCRIPT_SANDBOXING = YES;
				GCC_C_LANGUAGE_STANDARD = gnu17;
				GCC_DYNAMIC_NO_PIC = NO;
				GCC_NO_COMMON_BLOCKS = YES;
				GCC_OPTIMIZATION_LEVEL = 0;
				GCC_PREPROCESSOR_DEFINITIONS = (
					"DEBUG=1",
					"$(inherited)",
				);
				GCC_WARN_64_TO_32_BIT_CONVERSION = YES;
				GCC_WARN_ABOUT_RETURN_TYPE = YES_ERROR;
				GCC_WARN_UNDECLARED_SELECTOR = YES;
				GCC_WARN_UNINITIALIZED_AUTOS = YES_AGGRESSIVE;
				GCC_WARN_UNUSED_FUNCTION = YES;
				GCC_WARN_UNUSED_VARIABLE = YES;
				IPHONEOS_DEPLOYMENT_TARGET = 17.4;
				LOCALIZATION_PREFERS_STRING_CATALOGS = YES;
				MTL_ENABLE_DEBUG_INFO = INCLUDE_SOURCE;
				MTL_FAST_MATH = YES;
				ONLY_ACTIVE_ARCH = YES;
				SDKROOT = iphoneos;
				SWIFT_ACTIVE_COMPILATION_CONDITIONS = "DEBUG $(inherited)";
				SWIFT_OPTIMIZATION_LEVEL = "-Onone";
			};
			name = Debug;
		};
		26BB81922BDD7C68005DEEC0 /* Release */ = {
			isa = XCBuildConfiguration;
			buildSettings = {
				ALWAYS_SEARCH_USER_PATHS = NO;
				ASSETCATALOG_COMPILER_GENERATE_SWIFT_ASSET_SYMBOL_EXTENSIONS = YES;
				CLANG_ANALYZER_NONNULL = YES;
				CLANG_ANALYZER_NUMBER_OBJECT_CONVERSION = YES_AGGRESSIVE;
				CLANG_CXX_LANGUAGE_STANDARD = "gnu++20";
				CLANG_ENABLE_MODULES = YES;
				CLANG_ENABLE_OBJC_ARC = YES;
				CLANG_ENABLE_OBJC_WEAK = YES;
				CLANG_WARN_BLOCK_CAPTURE_AUTORELEASING = YES;
				CLANG_WARN_BOOL_CONVERSION = YES;
				CLANG_WARN_COMMA = YES;
				CLANG_WARN_CONSTANT_CONVERSION = YES;
				CLANG_WARN_DEPRECATED_OBJC_IMPLEMENTATIONS = YES;
				CLANG_WARN_DIRECT_OBJC_ISA_USAGE = YES_ERROR;
				CLANG_WARN_DOCUMENTATION_COMMENTS = YES;
				CLANG_WARN_EMPTY_BODY = YES;
				CLANG_WARN_ENUM_CONVERSION = YES;
				CLANG_WARN_INFINITE_RECURSION = YES;
				CLANG_WARN_INT_CONVERSION = YES;
				CLANG_WARN_NON_LITERAL_NULL_CONVERSION = YES;
				CLANG_WARN_OBJC_IMPLICIT_RETAIN_SELF = YES;
				CLANG_WARN_OBJC_LITERAL_CONVERSION = YES;
				CLANG_WARN_OBJC_ROOT_CLASS = YES_ERROR;
				CLANG_WARN_QUOTED_INCLUDE_IN_FRAMEWORK_HEADER = YES;
				CLANG_WARN_RANGE_LOOP_ANALYSIS = YES;
				CLANG_WARN_STRICT_PROTOTYPES = YES;
				CLANG_WARN_SUSPICIOUS_MOVE = YES;
				CLANG_WARN_UNGUARDED_AVAILABILITY = YES_AGGRESSIVE;
				CLANG_WARN_UNREACHABLE_CODE = YES;
				CLANG_WARN__DUPLICATE_METHOD_MATCH = YES;
				COPY_PHASE_STRIP = NO;
				DEBUG_INFORMATION_FORMAT = "dwarf-with-dsym";
				ENABLE_NS_ASSERTIONS = NO;
				ENABLE_STRICT_OBJC_MSGSEND = YES;
				ENABLE_USER_SCRIPT_SANDBOXING = YES;
				GCC_C_LANGUAGE_STANDARD = gnu17;
				GCC_NO_COMMON_BLOCKS = YES;
				GCC_WARN_64_TO_32_BIT_CONVERSION = YES;
				GCC_WARN_ABOUT_RETURN_TYPE = YES_ERROR;
				GCC_WARN_UNDECLARED_SELECTOR = YES;
				GCC_WARN_UNINITIALIZED_AUTOS = YES_AGGRESSIVE;
				GCC_WARN_UNUSED_FUNCTION = YES;
				GCC_WARN_UNUSED_VARIABLE = YES;
				IPHONEOS_DEPLOYMENT_TARGET = 17.4;
				LOCALIZATION_PREFERS_STRING_CATALOGS = YES;
				MTL_ENABLE_DEBUG_INFO = NO;
				MTL_FAST_MATH = YES;
				SDKROOT = iphoneos;
				SWIFT_COMPILATION_MODE = wholemodule;
				VALIDATE_PRODUCT = YES;
			};
			name = Release;
		};
		26BB81942BDD7C68005DEEC0 /* Debug */ = {
			isa = XCBuildConfiguration;
			buildSettings = {
				ASSETCATALOG_COMPILER_APPICON_NAME = AppIcon;
				ASSETCATALOG_COMPILER_GLOBAL_ACCENT_COLOR_NAME = AccentColor;
				CODE_SIGN_STYLE = Automatic;
				CURRENT_PROJECT_VERSION = 1;
				DEVELOPMENT_TEAM = 8PHL5V9V36;
				GENERATE_INFOPLIST_FILE = YES;
				INFOPLIST_FILE = CoreDataExample/Info.plist;
				INFOPLIST_KEY_UIApplicationSupportsIndirectInputEvents = YES;
				INFOPLIST_KEY_UILaunchStoryboardName = LaunchScreen;
				INFOPLIST_KEY_UIMainStoryboardFile = "";
				INFOPLIST_KEY_UISupportedInterfaceOrientations_iPad = "UIInterfaceOrientationPortrait UIInterfaceOrientationPortraitUpsideDown UIInterfaceOrientationLandscapeLeft UIInterfaceOrientationLandscapeRight";
				INFOPLIST_KEY_UISupportedInterfaceOrientations_iPhone = "UIInterfaceOrientationPortrait UIInterfaceOrientationLandscapeLeft UIInterfaceOrientationLandscapeRight";
				LD_RUNPATH_SEARCH_PATHS = (
					"$(inherited)",
					"@executable_path/Frameworks",
				);
				MARKETING_VERSION = 1.0;
				PRODUCT_BUNDLE_IDENTIFIER = com.keenancookson.CoreDataExample;
				PRODUCT_NAME = "$(TARGET_NAME)";
				SWIFT_EMIT_LOC_STRINGS = YES;
				SWIFT_VERSION = 5.0;
				TARGETED_DEVICE_FAMILY = "1,2";
			};
			name = Debug;
		};
		26BB81952BDD7C68005DEEC0 /* Release */ = {
			isa = XCBuildConfiguration;
			buildSettings = {
				ASSETCATALOG_COMPILER_APPICON_NAME = AppIcon;
				ASSETCATALOG_COMPILER_GLOBAL_ACCENT_COLOR_NAME = AccentColor;
				CODE_SIGN_STYLE = Automatic;
				CURRENT_PROJECT_VERSION = 1;
				DEVELOPMENT_TEAM = 8PHL5V9V36;
				GENERATE_INFOPLIST_FILE = YES;
				INFOPLIST_FILE = CoreDataExample/Info.plist;
				INFOPLIST_KEY_UIApplicationSupportsIndirectInputEvents = YES;
				INFOPLIST_KEY_UILaunchStoryboardName = LaunchScreen;
				INFOPLIST_KEY_UIMainStoryboardFile = "";
				INFOPLIST_KEY_UISupportedInterfaceOrientations_iPad = "UIInterfaceOrientationPortrait UIInterfaceOrientationPortraitUpsideDown UIInterfaceOrientationLandscapeLeft UIInterfaceOrientationLandscapeRight";
				INFOPLIST_KEY_UISupportedInterfaceOrientations_iPhone = "UIInterfaceOrientationPortrait UIInterfaceOrientationLandscapeLeft UIInterfaceOrientationLandscapeRight";
				LD_RUNPATH_SEARCH_PATHS = (
					"$(inherited)",
					"@executable_path/Frameworks",
				);
				MARKETING_VERSION = 1.0;
				PRODUCT_BUNDLE_IDENTIFIER = com.keenancookson.CoreDataExample;
				PRODUCT_NAME = "$(TARGET_NAME)";
				SWIFT_EMIT_LOC_STRINGS = YES;
				SWIFT_VERSION = 5.0;
				TARGETED_DEVICE_FAMILY = "1,2";
			};
			name = Release;
		};
		26BB81972BDD7C68005DEEC0 /* Debug */ = {
			isa = XCBuildConfiguration;
			buildSettings = {
				ALWAYS_EMBED_SWIFT_STANDARD_LIBRARIES = YES;
				BUNDLE_LOADER = "$(TEST_HOST)";
				CODE_SIGN_STYLE = Automatic;
				CURRENT_PROJECT_VERSION = 1;
				DEVELOPMENT_TEAM = 8PHL5V9V36;
				GENERATE_INFOPLIST_FILE = YES;
				IPHONEOS_DEPLOYMENT_TARGET = 17.4;
				MARKETING_VERSION = 1.0;
				PRODUCT_BUNDLE_IDENTIFIER = com.keenancookson.CoreDataExampleTests;
				PRODUCT_NAME = "$(TARGET_NAME)";
				SWIFT_EMIT_LOC_STRINGS = NO;
				SWIFT_VERSION = 5.0;
				TARGETED_DEVICE_FAMILY = "1,2";
				TEST_HOST = "$(BUILT_PRODUCTS_DIR)/CoreDataExample.app/$(BUNDLE_EXECUTABLE_FOLDER_PATH)/CoreDataExample";
			};
			name = Debug;
		};
		26BB81982BDD7C68005DEEC0 /* Release */ = {
			isa = XCBuildConfiguration;
			buildSettings = {
				ALWAYS_EMBED_SWIFT_STANDARD_LIBRARIES = YES;
				BUNDLE_LOADER = "$(TEST_HOST)";
				CODE_SIGN_STYLE = Automatic;
				CURRENT_PROJECT_VERSION = 1;
				DEVELOPMENT_TEAM = 8PHL5V9V36;
				GENERATE_INFOPLIST_FILE = YES;
				IPHONEOS_DEPLOYMENT_TARGET = 17.4;
				MARKETING_VERSION = 1.0;
				PRODUCT_BUNDLE_IDENTIFIER = com.keenancookson.CoreDataExampleTests;
				PRODUCT_NAME = "$(TARGET_NAME)";
				SWIFT_EMIT_LOC_STRINGS = NO;
				SWIFT_VERSION = 5.0;
				TARGETED_DEVICE_FAMILY = "1,2";
				TEST_HOST = "$(BUILT_PRODUCTS_DIR)/CoreDataExample.app/$(BUNDLE_EXECUTABLE_FOLDER_PATH)/CoreDataExample";
			};
			name = Release;
		};
		26BB819A2BDD7C68005DEEC0 /* Debug */ = {
			isa = XCBuildConfiguration;
			buildSettings = {
				ALWAYS_EMBED_SWIFT_STANDARD_LIBRARIES = YES;
				CODE_SIGN_STYLE = Automatic;
				CURRENT_PROJECT_VERSION = 1;
				DEVELOPMENT_TEAM = 8PHL5V9V36;
				GENERATE_INFOPLIST_FILE = YES;
				MARKETING_VERSION = 1.0;
				PRODUCT_BUNDLE_IDENTIFIER = com.keenancookson.CoreDataExampleUITests;
				PRODUCT_NAME = "$(TARGET_NAME)";
				SWIFT_EMIT_LOC_STRINGS = NO;
				SWIFT_VERSION = 5.0;
				TARGETED_DEVICE_FAMILY = "1,2";
				TEST_TARGET_NAME = CoreDataExample;
			};
			name = Debug;
		};
		26BB819B2BDD7C68005DEEC0 /* Release */ = {
			isa = XCBuildConfiguration;
			buildSettings = {
				ALWAYS_EMBED_SWIFT_STANDARD_LIBRARIES = YES;
				CODE_SIGN_STYLE = Automatic;
				CURRENT_PROJECT_VERSION = 1;
				DEVELOPMENT_TEAM = 8PHL5V9V36;
				GENERATE_INFOPLIST_FILE = YES;
				MARKETING_VERSION = 1.0;
				PRODUCT_BUNDLE_IDENTIFIER = com.keenancookson.CoreDataExampleUITests;
				PRODUCT_NAME = "$(TARGET_NAME)";
				SWIFT_EMIT_LOC_STRINGS = NO;
				SWIFT_VERSION = 5.0;
				TARGETED_DEVICE_FAMILY = "1,2";
				TEST_TARGET_NAME = CoreDataExample;
			};
			name = Release;
		};
/* End XCBuildConfiguration section */

/* Begin XCConfigurationList section */
		26BB81612BDD7C67005DEEC0 /* Build configuration list for PBXProject "CoreDataExample" */ = {
			isa = XCConfigurationList;
			buildConfigurations = (
				26BB81912BDD7C68005DEEC0 /* Debug */,
				26BB81922BDD7C68005DEEC0 /* Release */,
			);
			defaultConfigurationIsVisible = 0;
			defaultConfigurationName = Release;
		};
		26BB81932BDD7C68005DEEC0 /* Build configuration list for PBXNativeTarget "CoreDataExample" */ = {
			isa = XCConfigurationList;
			buildConfigurations = (
				26BB81942BDD7C68005DEEC0 /* Debug */,
				26BB81952BDD7C68005DEEC0 /* Release */,
			);
			defaultConfigurationIsVisible = 0;
			defaultConfigurationName = Release;
		};
		26BB81962BDD7C68005DEEC0 /* Build configuration list for PBXNativeTarget "CoreDataExampleTests" */ = {
			isa = XCConfigurationList;
			buildConfigurations = (
				26BB81972BDD7C68005DEEC0 /* Debug */,
				26BB81982BDD7C68005DEEC0 /* Release */,
			);
			defaultConfigurationIsVisible = 0;
			defaultConfigurationName = Release;
		};
		26BB81992BDD7C68005DEEC0 /* Build configuration list for PBXNativeTarget "CoreDataExampleUITests" */ = {
			isa = XCConfigurationList;
			buildConfigurations = (
				26BB819A2BDD7C68005DEEC0 /* Debug */,
				26BB819B2BDD7C68005DEEC0 /* Release */,
			);
			defaultConfigurationIsVisible = 0;
			defaultConfigurationName = Release;
		};
/* End XCConfigurationList section */

/* Begin XCVersionGroup section */
		26BB81722BDD7C67005DEEC0 /* CoreDataExample.xcdatamodeld */ = {
			isa = XCVersionGroup;
			children = (
				26BB81732BDD7C67005DEEC0 /* CoreDataExample.xcdatamodel */,
			);
			currentVersion = 26BB81732BDD7C67005DEEC0 /* CoreDataExample.xcdatamodel */;
			path = CoreDataExample.xcdatamodeld;
			sourceTree = "<group>";
			versionGroupType = wrapper.xcdatamodel;
		};
/* End XCVersionGroup section */
	};
	rootObject = 26BB815E2BDD7C67005DEEC0 /* Project object */;
}
